
Microsoft Visual Studio Solution File, Format Version 12.00
# Visual Studio Version 16
VisualStudioVersion = 16.0.31424.327
MinimumVisualStudioVersion = 10.0.40219.1
Project("{9A19103F-16F7-4668-BE54-9A1E7A4F7556}") = "RabbitMQBus", "RabbitMQBus\RabbitMQBus.csproj", "{DFA1F2B2-45BF-418B-B573-FC20BD66BD43}"
EndProject
Project("{9A19103F-16F7-4668-BE54-9A1E7A4F7556}") = "RabbitMQBus.Test", "RabbitMQBus.Test\RabbitMQBus.Test.csproj", "{1D2772FB-F38A-458A-A657-048C11C05088}"
EndProject
Project("{FAE04EC0-301F-11D3-BF4B-00C04F79EFBC}") = "RabbitMQBus.IntegrationTest", "RabbitMQBus.IntegrationTest\RabbitMQBus.IntegrationTest.csproj", "{1236DB54-F19D-4FD9-806C-1A606176BFBD}"
EndProject
Global
	GlobalSection(SolutionConfigurationPlatforms) = preSolution
		Debug|Any CPU = Debug|Any CPU
		Release|Any CPU = Release|Any CPU
	EndGlobalSection
	GlobalSection(ProjectConfigurationPlatforms) = postSolution
		{DFA1F2B2-45BF-418B-B573-FC20BD66BD43}.Debug|Any CPU.ActiveCfg = Debug|Any CPU
		{DFA1F2B2-45BF-418B-B573-FC20BD66BD43}.Debug|Any CPU.Build.0 = Debug|Any CPU
		{DFA1F2B2-45BF-418B-B573-FC20BD66BD43}.Release|Any CPU.ActiveCfg = Release|Any CPU
		{DFA1F2B2-45BF-418B-B573-FC20BD66BD43}.Release|Any CPU.Build.0 = Release|Any CPU
		{1D2772FB-F38A-458A-A657-048C11C05088}.Debug|Any CPU.ActiveCfg = Debug|Any CPU
		{1D2772FB-F38A-458A-A657-048C11C05088}.Debug|Any CPU.Build.0 = Debug|Any CPU
		{1D2772FB-F38A-458A-A657-048C11C05088}.Release|Any CPU.ActiveCfg = Release|Any CPU
		{1D2772FB-F38A-458A-A657-048C11C05088}.Release|Any CPU.Build.0 = Release|Any CPU
		{1236DB54-F19D-4FD9-806C-1A606176BFBD}.Debug|Any CPU.ActiveCfg = Debug|Any CPU
		{1236DB54-F19D-4FD9-806C-1A606176BFBD}.Debug|Any CPU.Build.0 = Debug|Any CPU
		{1236DB54-F19D-4FD9-806C-1A606176BFBD}.Release|Any CPU.ActiveCfg = Release|Any CPU
		{1236DB54-F19D-4FD9-806C-1A606176BFBD}.Release|Any CPU.Build.0 = Release|Any CPU
	EndGlobalSection
	GlobalSection(SolutionProperties) = preSolution
		HideSolutionNode = FALSE
	EndGlobalSection
	GlobalSection(ExtensibilityGlobals) = postSolution
		SolutionGuid = {8CAC43E8-0CB0-47AF-8BDC-8EA5637902E8}
	EndGlobalSection
EndGlobal
